
Microsoft Visual Studio Solution File, Format Version 12.00
# Visual Studio Version 17
VisualStudioVersion = 17.5.002.0
MinimumVisualStudioVersion = 10.0.40219.1
Project("{9A19103F-16F7-4668-BE54-9A1E7A4F7556}") = "Wms.Api", "Wms.Api.csproj", "{397305C9-6515-4F3E-9226-5BB9B699A529}"
EndProject
Global
	GlobalSection(SolutionConfigurationPlatforms) = preSolution
		Debug|Any CPU = Debug|Any CPU
		Release|Any CPU = Release|Any CPU
	EndGlobalSection
	GlobalSection(ProjectConfigurationPlatforms) = postSolution
		{397305C9-6515-4F3E-9226-5BB9B699A529}.Debug|Any CPU.ActiveCfg = Debug|Any CPU
		{397305C9-6515-4F3E-9226-5BB9B699A529}.Debug|Any CPU.Build.0 = Debug|Any CPU
		{397305C9-6515-4F3E-9226-5BB9B699A529}.Release|Any CPU.ActiveCfg = Release|Any CPU
		{397305C9-6515-4F3E-9226-5BB9B699A529}.Release|Any CPU.Build.0 = Release|Any CPU
	EndGlobalSection
	GlobalSection(SolutionProperties) = preSolution
		HideSolutionNode = FALSE
	EndGlobalSection
	GlobalSection(ExtensibilityGlobals) = postSolution
		SolutionGuid = {C169BC4B-DED8-47C2-B5D3-A59E3DA1EAD0}
	EndGlobalSection
EndGlobal
